
Microsoft Visual Studio Solution File, Format Version 12.00
# Visual Studio Version 17
VisualStudioVersion = 17.5.33414.496
MinimumVisualStudioVersion = 10.0.40219.1
Project("{FAE04EC0-301F-11D3-BF4B-00C04F79EFBC}") = "hm_03", "hm_03.csproj", "{EDF9B182-585B-4757-AEE2-ECFA7671EEEE}"
EndProject
Global
	GlobalSection(SolutionConfigurationPlatforms) = preSolution
		Debug|Any CPU = Debug|Any CPU
		Release|Any CPU = Release|Any CPU
	EndGlobalSection
	GlobalSection(ProjectConfigurationPlatforms) = postSolution
		{EDF9B182-585B-4757-AEE2-ECFA7671EEEE}.Debug|Any CPU.ActiveCfg = Debug|Any CPU
		{EDF9B182-585B-4757-AEE2-ECFA7671EEEE}.Debug|Any CPU.Build.0 = Debug|Any CPU
		{EDF9B182-585B-4757-AEE2-ECFA7671EEEE}.Release|Any CPU.ActiveCfg = Release|Any CPU
		{EDF9B182-585B-4757-AEE2-ECFA7671EEEE}.Release|Any CPU.Build.0 = Release|Any CPU
	EndGlobalSection
	GlobalSection(SolutionProperties) = preSolution
		HideSolutionNode = FALSE
	EndGlobalSection
	GlobalSection(ExtensibilityGlobals) = postSolution
		SolutionGuid = {A92E265C-25A0-4D2A-BE8F-4C837FB1BC4F}
	EndGlobalSection
EndGlobal
