
Microsoft Visual Studio Solution File, Format Version 12.00
# Visual Studio Version 17
VisualStudioVersion = 17.5.33414.496
MinimumVisualStudioVersion = 10.0.40219.1
Project("{FAE04EC0-301F-11D3-BF4B-00C04F79EFBC}") = "Task.1_1", "Task.1_1.csproj", "{D497F5FD-C5E2-4E87-BA70-D60E4D6034D9}"
EndProject
Project("{FAE04EC0-301F-11D3-BF4B-00C04F79EFBC}") = "Task.1_2", "..\Task.1_2\Task.1_2.csproj", "{D2F5D1F0-6879-4F34-9B32-F85102F566AA}"
EndProject
Project("{FAE04EC0-301F-11D3-BF4B-00C04F79EFBC}") = "Task.1_3", "..\Task.1_3\Task.1_3.csproj", "{72E99D3F-E9F6-4796-BDB1-684056EF4690}"
EndProject
Global
	GlobalSection(SolutionConfigurationPlatforms) = preSolution
		Debug|Any CPU = Debug|Any CPU
		Release|Any CPU = Release|Any CPU
	EndGlobalSection
	GlobalSection(ProjectConfigurationPlatforms) = postSolution
		{D497F5FD-C5E2-4E87-BA70-D60E4D6034D9}.Debug|Any CPU.ActiveCfg = Debug|Any CPU
		{D497F5FD-C5E2-4E87-BA70-D60E4D6034D9}.Debug|Any CPU.Build.0 = Debug|Any CPU
		{D497F5FD-C5E2-4E87-BA70-D60E4D6034D9}.Release|Any CPU.ActiveCfg = Release|Any CPU
		{D497F5FD-C5E2-4E87-BA70-D60E4D6034D9}.Release|Any CPU.Build.0 = Release|Any CPU
		{D2F5D1F0-6879-4F34-9B32-F85102F566AA}.Debug|Any CPU.ActiveCfg = Debug|Any CPU
		{D2F5D1F0-6879-4F34-9B32-F85102F566AA}.Debug|Any CPU.Build.0 = Debug|Any CPU
		{D2F5D1F0-6879-4F34-9B32-F85102F566AA}.Release|Any CPU.ActiveCfg = Release|Any CPU
		{D2F5D1F0-6879-4F34-9B32-F85102F566AA}.Release|Any CPU.Build.0 = Release|Any CPU
		{72E99D3F-E9F6-4796-BDB1-684056EF4690}.Debug|Any CPU.ActiveCfg = Debug|Any CPU
		{72E99D3F-E9F6-4796-BDB1-684056EF4690}.Debug|Any CPU.Build.0 = Debug|Any CPU
		{72E99D3F-E9F6-4796-BDB1-684056EF4690}.Release|Any CPU.ActiveCfg = Release|Any CPU
		{72E99D3F-E9F6-4796-BDB1-684056EF4690}.Release|Any CPU.Build.0 = Release|Any CPU
	EndGlobalSection
	GlobalSection(SolutionProperties) = preSolution
		HideSolutionNode = FALSE
	EndGlobalSection
	GlobalSection(ExtensibilityGlobals) = postSolution
		SolutionGuid = {9AF019EC-9748-448D-AD7E-8E84195A74F4}
	EndGlobalSection
EndGlobal
